
Microsoft Visual Studio Solution File, Format Version 12.00
# Visual Studio Version 17
VisualStudioVersion = 17.0.31903.59
MinimumVisualStudioVersion = 10.0.40219.1
Project("{9A19103F-16F7-4668-BE54-9A1E7A4F7556}") = "JCE.Data", "src\JCE.Data\JCE.Data.csproj", "{DBA72635-E734-4ECA-AFCE-43AD7E6694C9}"
EndProject
Project("{9A19103F-16F7-4668-BE54-9A1E7A4F7556}") = "JCE.Business", "src\JCE.Business\JCE.Business.csproj", "{C3CA6F50-2B46-4144-85E4-DA03172CD27D}"
EndProject
Project("{9A19103F-16F7-4668-BE54-9A1E7A4F7556}") = "JCE.API", "src\JCE.API\JCE.API.csproj", "{ABFAC751-D883-469E-B530-43A24F9A54BE}"
EndProject
Project("{9A19103F-16F7-4668-BE54-9A1E7A4F7556}") = "JCE.Web", "src\JCE.Web\JCE.Web.csproj", "{46207C59-CD28-4CFD-A59A-56D9D8212FD7}"
EndProject
Project("{2150E333-8FDC-42A3-9474-1A3956D46DE8}") = "src", "src", "{42E5756F-067A-427D-BC0D-9BE8F4BE3213}"
EndProject
Project("{2150E333-8FDC-42A3-9474-1A3956D46DE8}") = "test", "test", "{A7D208C7-BE91-4A62-ACA0-CA4B5FE1C61A}"
EndProject
Project("{9A19103F-16F7-4668-BE54-9A1E7A4F7556}") = "JCE.Data.Test", "test\JCE.Data.Test\JCE.Data.Test.csproj", "{7ACE227B-F270-486B-B09F-71890E7EFCB7}"
EndProject
Project("{9A19103F-16F7-4668-BE54-9A1E7A4F7556}") = "JCE.Business.Test", "test\JCE.Business.Test\JCE.Business.Test.csproj", "{212AE476-D96E-4B6B-A834-D37008219202}"
EndProject
Project("{9A19103F-16F7-4668-BE54-9A1E7A4F7556}") = "JCE.API.Test", "test\JCE.API.Test\JCE.API.Test.csproj", "{3A66AA12-76DA-4E3E-BED7-C391E419E090}"
EndProject
Project("{9A19103F-16F7-4668-BE54-9A1E7A4F7556}") = "JCE.Web.Test", "test\JCE.Web.Test\JCE.Web.Test.csproj", "{3460267A-9CE8-43F3-BC5A-6E4FD1B4E344}"
EndProject
Project("{2150E333-8FDC-42A3-9474-1A3956D46DE8}") = "Solution Items", "Solution Items", "{9CC1EB45-78EA-4348-839A-05EAD08B685B}"
EndProject
Global
	GlobalSection(SolutionConfigurationPlatforms) = preSolution
		Debug|Any CPU = Debug|Any CPU
		Release|Any CPU = Release|Any CPU
	EndGlobalSection
	GlobalSection(ProjectConfigurationPlatforms) = postSolution
		{DBA72635-E734-4ECA-AFCE-43AD7E6694C9}.Debug|Any CPU.ActiveCfg = Debug|Any CPU
		{DBA72635-E734-4ECA-AFCE-43AD7E6694C9}.Debug|Any CPU.Build.0 = Debug|Any CPU
		{DBA72635-E734-4ECA-AFCE-43AD7E6694C9}.Release|Any CPU.ActiveCfg = Release|Any CPU
		{DBA72635-E734-4ECA-AFCE-43AD7E6694C9}.Release|Any CPU.Build.0 = Release|Any CPU
		{C3CA6F50-2B46-4144-85E4-DA03172CD27D}.Debug|Any CPU.ActiveCfg = Debug|Any CPU
		{C3CA6F50-2B46-4144-85E4-DA03172CD27D}.Debug|Any CPU.Build.0 = Debug|Any CPU
		{C3CA6F50-2B46-4144-85E4-DA03172CD27D}.Release|Any CPU.ActiveCfg = Release|Any CPU
		{C3CA6F50-2B46-4144-85E4-DA03172CD27D}.Release|Any CPU.Build.0 = Release|Any CPU
		{ABFAC751-D883-469E-B530-43A24F9A54BE}.Debug|Any CPU.ActiveCfg = Debug|Any CPU
		{ABFAC751-D883-469E-B530-43A24F9A54BE}.Debug|Any CPU.Build.0 = Debug|Any CPU
		{ABFAC751-D883-469E-B530-43A24F9A54BE}.Release|Any CPU.ActiveCfg = Release|Any CPU
		{ABFAC751-D883-469E-B530-43A24F9A54BE}.Release|Any CPU.Build.0 = Release|Any CPU
		{46207C59-CD28-4CFD-A59A-56D9D8212FD7}.Debug|Any CPU.ActiveCfg = Debug|Any CPU
		{46207C59-CD28-4CFD-A59A-56D9D8212FD7}.Debug|Any CPU.Build.0 = Debug|Any CPU
		{46207C59-CD28-4CFD-A59A-56D9D8212FD7}.Release|Any CPU.ActiveCfg = Release|Any CPU
		{46207C59-CD28-4CFD-A59A-56D9D8212FD7}.Release|Any CPU.Build.0 = Release|Any CPU
		{7ACE227B-F270-486B-B09F-71890E7EFCB7}.Debug|Any CPU.ActiveCfg = Debug|Any CPU
		{7ACE227B-F270-486B-B09F-71890E7EFCB7}.Debug|Any CPU.Build.0 = Debug|Any CPU
		{7ACE227B-F270-486B-B09F-71890E7EFCB7}.Release|Any CPU.ActiveCfg = Release|Any CPU
		{7ACE227B-F270-486B-B09F-71890E7EFCB7}.Release|Any CPU.Build.0 = Release|Any CPU
		{212AE476-D96E-4B6B-A834-D37008219202}.Debug|Any CPU.ActiveCfg = Debug|Any CPU
		{212AE476-D96E-4B6B-A834-D37008219202}.Debug|Any CPU.Build.0 = Debug|Any CPU
		{212AE476-D96E-4B6B-A834-D37008219202}.Release|Any CPU.ActiveCfg = Release|Any CPU
		{212AE476-D96E-4B6B-A834-D37008219202}.Release|Any CPU.Build.0 = Release|Any CPU
		{3A66AA12-76DA-4E3E-BED7-C391E419E090}.Debug|Any CPU.ActiveCfg = Debug|Any CPU
		{3A66AA12-76DA-4E3E-BED7-C391E419E090}.Debug|Any CPU.Build.0 = Debug|Any CPU
		{3A66AA12-76DA-4E3E-BED7-C391E419E090}.Release|Any CPU.ActiveCfg = Release|Any CPU
		{3A66AA12-76DA-4E3E-BED7-C391E419E090}.Release|Any CPU.Build.0 = Release|Any CPU
		{3460267A-9CE8-43F3-BC5A-6E4FD1B4E344}.Debug|Any CPU.ActiveCfg = Debug|Any CPU
		{3460267A-9CE8-43F3-BC5A-6E4FD1B4E344}.Debug|Any CPU.Build.0 = Debug|Any CPU
		{3460267A-9CE8-43F3-BC5A-6E4FD1B4E344}.Release|Any CPU.ActiveCfg = Release|Any CPU
		{3460267A-9CE8-43F3-BC5A-6E4FD1B4E344}.Release|Any CPU.Build.0 = Release|Any CPU
	EndGlobalSection
	GlobalSection(SolutionProperties) = preSolution
		HideSolutionNode = FALSE
	EndGlobalSection
	GlobalSection(NestedProjects) = preSolution
		{DBA72635-E734-4ECA-AFCE-43AD7E6694C9} = {42E5756F-067A-427D-BC0D-9BE8F4BE3213}
		{C3CA6F50-2B46-4144-85E4-DA03172CD27D} = {42E5756F-067A-427D-BC0D-9BE8F4BE3213}
		{ABFAC751-D883-469E-B530-43A24F9A54BE} = {42E5756F-067A-427D-BC0D-9BE8F4BE3213}
		{46207C59-CD28-4CFD-A59A-56D9D8212FD7} = {42E5756F-067A-427D-BC0D-9BE8F4BE3213}
		{7ACE227B-F270-486B-B09F-71890E7EFCB7} = {A7D208C7-BE91-4A62-ACA0-CA4B5FE1C61A}
		{212AE476-D96E-4B6B-A834-D37008219202} = {A7D208C7-BE91-4A62-ACA0-CA4B5FE1C61A}
		{3A66AA12-76DA-4E3E-BED7-C391E419E090} = {A7D208C7-BE91-4A62-ACA0-CA4B5FE1C61A}
		{3460267A-9CE8-43F3-BC5A-6E4FD1B4E344} = {A7D208C7-BE91-4A62-ACA0-CA4B5FE1C61A}
	EndGlobalSection
	GlobalSection(ExtensibilityGlobals) = postSolution
		SolutionGuid = {6CF6040D-B8AB-404E-93BD-CAAB38C971B4}
	EndGlobalSection
EndGlobal
